{
  "originHash" : "97506604a55cfcd818043a547c0a47b48e3d67a1d1c3047b182fbf961de39e35",
  "pins" : [
    {
      "identity" : "notificationkit",
      "kind" : "remoteSourceControl",
      "location" : "https://github.com/ironcook67/NotificationKit",
      "state" : {
        "revision" : "04d9a6e1091be3ee4b82e799a783a36a4ed342b1",
        "version" : "1.1.0"
      }
    }
  ],
  "version" : 3
}
