{
  "originHash" : "97506604a55cfcd818043a547c0a47b48e3d67a1d1c3047b182fbf961de39e35",
  "pins" : [
    {
      "identity" : "notificationkit",
      "kind" : "remoteSourceControl",
      "location" : "https://github.com/ironcook67/NotificationKit",
      "state" : {
        "revision" : "a9ccb1c1c610cd48e2b201aaedc4b8bbd3b266b0",
        "version" : "1.0.0"
      }
    }
  ],
  "version" : 3
}
